
Microsoft Visual Studio Solution File, Format Version 12.00
# Visual Studio Version 17
VisualStudioVersion = 17.2.32414.248
MinimumVisualStudioVersion = 10.0.40219.1
Project("{9A19103F-16F7-4668-BE54-9A1E7A4F7556}") = "MyAwesomeWebAPI", "MyAwesomeWebAPI\MyAwesomeWebAPI.csproj", "{87A46DC2-A0DC-4C8A-8A12-07E9F7B23DC7}"
EndProject
Project("{FAE04EC0-301F-11D3-BF4B-00C04F79EFBC}") = "Eshop.DAL", "Eshop.DAL\Eshop.DAL.csproj", "{29350B06-94C1-484E-8C48-6BBA28FC8FFD}"
EndProject
Global
	GlobalSection(SolutionConfigurationPlatforms) = preSolution
		Debug|Any CPU = Debug|Any CPU
		Release|Any CPU = Release|Any CPU
	EndGlobalSection
	GlobalSection(ProjectConfigurationPlatforms) = postSolution
		{87A46DC2-A0DC-4C8A-8A12-07E9F7B23DC7}.Debug|Any CPU.ActiveCfg = Debug|Any CPU
		{87A46DC2-A0DC-4C8A-8A12-07E9F7B23DC7}.Debug|Any CPU.Build.0 = Debug|Any CPU
		{87A46DC2-A0DC-4C8A-8A12-07E9F7B23DC7}.Release|Any CPU.ActiveCfg = Release|Any CPU
		{87A46DC2-A0DC-4C8A-8A12-07E9F7B23DC7}.Release|Any CPU.Build.0 = Release|Any CPU
		{29350B06-94C1-484E-8C48-6BBA28FC8FFD}.Debug|Any CPU.ActiveCfg = Debug|Any CPU
		{29350B06-94C1-484E-8C48-6BBA28FC8FFD}.Debug|Any CPU.Build.0 = Debug|Any CPU
		{29350B06-94C1-484E-8C48-6BBA28FC8FFD}.Release|Any CPU.ActiveCfg = Release|Any CPU
		{29350B06-94C1-484E-8C48-6BBA28FC8FFD}.Release|Any CPU.Build.0 = Release|Any CPU
	EndGlobalSection
	GlobalSection(SolutionProperties) = preSolution
		HideSolutionNode = FALSE
	EndGlobalSection
	GlobalSection(ExtensibilityGlobals) = postSolution
		SolutionGuid = {D58119A2-5CB8-416D-A9A1-3849B0E2B7B0}
	EndGlobalSection
EndGlobal
